
Microsoft Visual Studio Solution File, Format Version 12.00
# Visual Studio Version 17
VisualStudioVersion = 17.4.33213.308
MinimumVisualStudioVersion = 10.0.40219.1
Project("{FAE04EC0-301F-11D3-BF4B-00C04F79EFBC}") = "Lecture Example - Date Picker and DateTime", "Lecture Example - Date Picker and DateTime.csproj", "{94D8F585-2C9E-461D-8C81-5232D5311D33}"
EndProject
Global
	GlobalSection(SolutionConfigurationPlatforms) = preSolution
		Debug|Any CPU = Debug|Any CPU
		Release|Any CPU = Release|Any CPU
	EndGlobalSection
	GlobalSection(ProjectConfigurationPlatforms) = postSolution
		{94D8F585-2C9E-461D-8C81-5232D5311D33}.Debug|Any CPU.ActiveCfg = Debug|Any CPU
		{94D8F585-2C9E-461D-8C81-5232D5311D33}.Debug|Any CPU.Build.0 = Debug|Any CPU
		{94D8F585-2C9E-461D-8C81-5232D5311D33}.Release|Any CPU.ActiveCfg = Release|Any CPU
		{94D8F585-2C9E-461D-8C81-5232D5311D33}.Release|Any CPU.Build.0 = Release|Any CPU
	EndGlobalSection
	GlobalSection(SolutionProperties) = preSolution
		HideSolutionNode = FALSE
	EndGlobalSection
	GlobalSection(ExtensibilityGlobals) = postSolution
		SolutionGuid = {8ACDAB67-21D4-4CA0-A10E-357B554A4D3B}
	EndGlobalSection
EndGlobal
